#MicroXplorer Configuration settings - do not modify
Mcu.Family=STM32F4
ProjectManager.MainLocation=Core/Src
PA2.GPIO_PuPd=GPIO_NOPULL
PA6.Mode=Full_Duplex_Master
USART2.IPParameters=VirtualMode
RCC.CortexFreq_Value=84000000
ProjectManager.KeepUserCode=true
Mcu.UserName=STM32F401RETx
SPI1.VirtualType=VM_MASTER
RCC.PLLCLKFreq_Value=84000000
PA14.GPIO_Label=TCK
RCC.PLLQCLKFreq_Value=48000000
PA3.GPIO_PuPd=GPIO_NOPULL
ProjectManager.functionlistsort=1-MX_GPIO_Init-GPIO-false-HAL-true,2-SystemClock_Config-RCC-false-HAL-false,3-MX_USART2_UART_Init-USART2-false-HAL-true,4-MX_I2C1_Init-I2C1-false-HAL-true,5-MX_SPI1_Init-SPI1-false-HAL-true
PA2.GPIO_Speed=GPIO_SPEED_FREQ_LOW
RCC.RTCFreq_Value=32000
PA3.GPIOParameters=GPIO_Speed,GPIO_PuPd,GPIO_Label,GPIO_Mode
PA3.GPIO_Speed=GPIO_SPEED_FREQ_LOW
PA2.GPIOParameters=GPIO_Speed,GPIO_PuPd,GPIO_Label,GPIO_Mode
PinOutPanel.RotationAngle=0
RCC.SYSCLKSource=RCC_SYSCLKSOURCE_PLLCLK
ProjectManager.StackSize=0x400
VP_FREERTOS_VS_CMSIS_V2.Mode=CMSIS_V2
SH.GPXTI13.0=GPIO_EXTI13
Mcu.IP4=SPI1
RCC.FCLKCortexFreq_Value=84000000
Mcu.IP5=SYS
Mcu.IP2=NVIC
NVIC.SVCall_IRQn=true\:0\:0\:false\:false\:false\:false\:false\:false
Mcu.IP3=RCC
Mcu.IP0=FREERTOS
Mcu.IP1=I2C1
Mcu.UserConstants=
PH0\ -\ OSC_IN.Signal=RCC_OSC_IN
SH.GPXTI13.ConfNb=1
PH0\ -\ OSC_IN.Locked=true
Mcu.ThirdPartyNb=0
SPI1.Direction=SPI_DIRECTION_2LINES
RCC.HCLKFreq_Value=84000000
Mcu.IPNb=7
RCC.I2SClocksFreq_Value=96000000
ProjectManager.PreviousToolchain=
RCC.APB2TimFreq_Value=84000000
PB6.Signal=I2C1_SCL
RCC.VcooutputI2S=96000000
PB6.Mode=I2C
Mcu.Pin6=PA2
Mcu.Pin7=PA3
Mcu.Pin8=PA4
Mcu.Pin9=PA5
FREERTOS.IPParameters=Tasks01,FootprintOK
PA1.GPIO_PuPd=GPIO_PULLUP
RCC.AHBFreq_Value=84000000
Mcu.Pin0=PC13-ANTI_TAMP
Mcu.Pin1=PC14-OSC32_IN
GPIO.groupedBy=Group By Peripherals
Mcu.Pin2=PC15-OSC32_OUT
Mcu.Pin3=PH0 - OSC_IN
Mcu.Pin4=PH1 - OSC_OUT
Mcu.Pin5=PA1
ProjectManager.ProjectBuild=false
RCC.HSE_VALUE=8000000
NVIC.UsageFault_IRQn=true\:0\:0\:false\:false\:true\:false\:true\:false
NVIC.DebugMonitor_IRQn=true\:0\:0\:false\:false\:true\:false\:true\:false
PA4.GPIO_PuPd=GPIO_PULLUP
PA4.Locked=true
PC13-ANTI_TAMP.Signal=GPXTI13
NVIC.SysTick_IRQn=true\:15\:0\:true\:false\:false\:true\:true\:true
ProjectManager.FirmwarePackage=STM32Cube FW_F4 V1.26.1
MxDb.Version=DB.6.0.21
PA6.GPIO_PuPd=GPIO_PULLUP
PA1.GPIOParameters=PinState,GPIO_PuPd,GPIO_Label
ProjectManager.BackupPrevious=false
PC14-OSC32_IN.Mode=LSE-External-Oscillator
RCC.VCOInputFreq_Value=1000000
PA14.Mode=Serial_Wire
VP_SYS_VS_tim1.Mode=TIM1
PA5.GPIO_PuPd=GPIO_PULLUP
File.Version=6
PB3.GPIOParameters=GPIO_Label
PB7.Signal=I2C1_SDA
PB6.Locked=true
NVIC.PendSV_IRQn=true\:15\:0\:false\:false\:false\:true\:false\:false
ProjectManager.HalAssertFull=false
ProjectManager.ProjectName=RTOS
PA13.GPIOParameters=GPIO_Label
RCC.MCO2PinFreq_Value=84000000
Mcu.Package=LQFP64
PA6.Signal=SPI1_MISO
NVIC.TimeBase=TIM1_UP_TIM10_IRQn
USART2.VirtualMode=VM_ASYNC
PA14.Locked=true
ProjectManager.ToolChainLocation=
PA2.GPIO_Label=USART_TX
RCC.LSI_VALUE=32000
NVIC.TimeBaseIP=TIM1
FREERTOS.FootprintOK=true
PA5.GPIOParameters=GPIO_PuPd
PA1.PinState=GPIO_PIN_SET
RCC.APB1TimFreq_Value=84000000
NVIC.BusFault_IRQn=true\:0\:0\:false\:false\:true\:false\:true\:false
SPI1.BaudRatePrescaler=SPI_BAUDRATEPRESCALER_16
PA4.GPIO_Label=RFID_CS
ProjectManager.CustomerFirmwarePackage=
PC14-OSC32_IN.Locked=true
PB3.Locked=true
PA3.Signal=USART2_RX
PA5.Mode=Full_Duplex_Master
PC13-ANTI_TAMP.GPIOParameters=GPIO_PuPd,GPIO_Label,GPIO_ModeDefaultEXTI
PA2.GPIO_Mode=GPIO_MODE_AF_PP
PA2.Locked=true
PB3.GPIO_Label=SWO
PA6.GPIOParameters=GPIO_PuPd
PC15-OSC32_OUT.Mode=LSE-External-Oscillator
ProjectManager.ProjectFileName=RTOS.ioc
FREERTOS.Tasks01=DisplayTask,25,400,Display,Default,NULL,Dynamic,NULL,NULL;IMUTask,25,250,IMU,Default,NULL,Dynamic,NULL,NULL;GPSTask,40,128,GPS,Default,NULL,Dynamic,NULL,NULL;AnalogReadingTa,32,128,AnalogReading,Default,NULL,Dynamic,NULL,NULL;RFIDTask,42,2048,RFID,Default,NULL,Dynamic,NULL,NULL;SDCardTask,8,250,SDCard,Default,NULL,Dynamic,NULL,NULL
PA7.Mode=Full_Duplex_Master
Mcu.PinsNb=19
PC13-ANTI_TAMP.GPIO_PuPd=GPIO_NOPULL
ProjectManager.NoMain=false
SPI1.IPParameters=VirtualType,Mode,Direction,BaudRatePrescaler
PC13-ANTI_TAMP.GPIO_Label=B1 [Blue PushButton]
NVIC.SavedSvcallIrqHandlerGenerated=true
PH1\ -\ OSC_OUT.Mode=HSE-External-Clock-Source
ProjectManager.DefaultFWLocation=true
ProjectManager.DeletePrevious=true
RCC.APB1CLKDivider=RCC_HCLK_DIV2
PC14-OSC32_IN.Signal=RCC_OSC32_IN
boardIOC=true
PH1\ -\ OSC_OUT.Locked=true
PA13.Signal=SYS_JTMS-SWDIO
PA3.Mode=Asynchronous
PH0\ -\ OSC_IN.Mode=HSE-External-Clock-Source
PC15-OSC32_OUT.Locked=true
PA4.PinState=GPIO_PIN_SET
ProjectManager.TargetToolchain=STM32CubeIDE
PA3.GPIO_Mode=GPIO_MODE_AF_PP
ProjectManager.RegisterCallBack=
PC15-OSC32_OUT.Signal=RCC_OSC32_OUT
PA7.GPIO_PuPd=GPIO_PULLUP
PA1.Signal=GPIO_Output
RCC.VCOI2SOutputFreq_Value=192000000
PA5.Signal=SPI1_SCK
PH1\ -\ OSC_OUT.Signal=RCC_OSC_OUT
board=NUCLEO-F401RE
RCC.VCOOutputFreq_Value=336000000
PC13-ANTI_TAMP.Locked=true
ProjectManager.LastFirmware=true
NVIC.SavedSystickIrqHandlerGenerated=true
RCC.APB2Freq_Value=84000000
MxCube.Version=6.2.1
VP_SYS_VS_tim1.Signal=SYS_VS_tim1
SPI1.Mode=SPI_MODE_MASTER
PA1.GPIO_Label=RFID_RST
NVIC.NonMaskableInt_IRQn=true\:0\:0\:false\:false\:true\:false\:true\:false
PA4.GPIOParameters=PinState,GPIO_PuPd,GPIO_Label
PA13.Mode=Serial_Wire
ProjectManager.FreePins=false
RCC.IPParameters=48MHZClocksFreq_Value,AHBFreq_Value,APB1CLKDivider,APB1Freq_Value,APB1TimFreq_Value,APB2Freq_Value,APB2TimFreq_Value,CortexFreq_Value,FCLKCortexFreq_Value,HCLKFreq_Value,HSE_VALUE,HSI_VALUE,I2SClocksFreq_Value,LSI_VALUE,MCO2PinFreq_Value,PLLCLKFreq_Value,PLLN,PLLP,PLLQ,PLLQCLKFreq_Value,RTCFreq_Value,RTCHSEDivFreq_Value,SYSCLKFreq_VALUE,SYSCLKSource,VCOI2SOutputFreq_Value,VCOInputFreq_Value,VCOOutputFreq_Value,VcooutputI2S
ProjectManager.AskForMigrate=true
Mcu.Name=STM32F401R(D-E)Tx
NVIC.SavedPendsvIrqHandlerGenerated=true
RCC.RTCHSEDivFreq_Value=4000000
PA13.GPIO_Label=TMS
PA2.Signal=USART2_TX
ProjectManager.UnderRoot=true
VP_FREERTOS_VS_CMSIS_V2.Signal=FREERTOS_VS_CMSIS_V2
Mcu.IP6=USART2
ProjectManager.CoupleFile=false
RCC.48MHZClocksFreq_Value=48000000
PB3.Signal=SYS_JTDO-SWO
PA4.Signal=GPIO_Output
RCC.SYSCLKFreq_VALUE=84000000
PA1.Locked=true
PA3.Locked=true
NVIC.ForceEnableDMAVector=true
KeepUserPlacement=false
PA14.GPIOParameters=GPIO_Label
NVIC.MemoryManagement_IRQn=true\:0\:0\:false\:false\:true\:false\:true\:false
PA13.Locked=true
ProjectManager.CompilerOptimize=6
PC13-ANTI_TAMP.GPIO_ModeDefaultEXTI=GPIO_MODE_IT_FALLING
PB7.Mode=I2C
PA14.Signal=SYS_JTCK-SWCLK
ProjectManager.HeapSize=0x200
Mcu.Pin15=PB6
NVIC.HardFault_IRQn=true\:0\:0\:false\:false\:true\:false\:true\:false
Mcu.Pin16=PB7
Mcu.Pin13=PA14
Mcu.Pin14=PB3
NVIC.TIM1_UP_TIM10_IRQn=true\:0\:0\:false\:false\:true\:false\:false\:true
ProjectManager.ComputerToolchain=false
Mcu.Pin17=VP_FREERTOS_VS_CMSIS_V2
RCC.HSI_VALUE=16000000
Mcu.Pin18=VP_SYS_VS_tim1
RCC.PLLP=RCC_PLLP_DIV4
RCC.PLLQ=7
NVIC.PriorityGroup=NVIC_PRIORITYGROUP_4
Mcu.Pin11=PA7
Mcu.Pin12=PA13
RCC.PLLN=336
Mcu.Pin10=PA6
PB7.Locked=true
PA2.Mode=Asynchronous
RCC.APB1Freq_Value=42000000
PA7.GPIOParameters=GPIO_PuPd
ProjectManager.DeviceId=STM32F401RETx
ProjectManager.LibraryCopy=1
PA3.GPIO_Label=USART_RX
PA7.Signal=SPI1_MOSI
isbadioc=false
